
Microsoft Visual Studio Solution File, Format Version 12.00
# Visual Studio Version 17
VisualStudioVersion = 17.2.32526.322
MinimumVisualStudioVersion = 10.0.40219.1
Project("{9A19103F-16F7-4668-BE54-9A1E7A4F7556}") = "KingdomScripts", "KingdomScripts\KingdomScripts.csproj", "{1AD0CD78-D434-4878-9D60-51BD946875C2}"
EndProject
Global
	GlobalSection(SolutionConfigurationPlatforms) = preSolution
		Debug|Any CPU = Debug|Any CPU
		Release|Any CPU = Release|Any CPU
	EndGlobalSection
	GlobalSection(ProjectConfigurationPlatforms) = postSolution
		{1AD0CD78-D434-4878-9D60-51BD946875C2}.Debug|Any CPU.ActiveCfg = Debug|Any CPU
		{1AD0CD78-D434-4878-9D60-51BD946875C2}.Debug|Any CPU.Build.0 = Debug|Any CPU
		{1AD0CD78-D434-4878-9D60-51BD946875C2}.Release|Any CPU.ActiveCfg = Release|Any CPU
		{1AD0CD78-D434-4878-9D60-51BD946875C2}.Release|Any CPU.Build.0 = Release|Any CPU
	EndGlobalSection
	GlobalSection(SolutionProperties) = preSolution
		HideSolutionNode = FALSE
	EndGlobalSection
	GlobalSection(ExtensibilityGlobals) = postSolution
		SolutionGuid = {1305C8EE-74B5-4CAD-8D9E-92487E1A9E13}
	EndGlobalSection
EndGlobal
